
Microsoft Visual Studio Solution File, Format Version 12.00
# Visual Studio 15
VisualStudioVersion = 15.0.27004.2009
MinimumVisualStudioVersion = 10.0.40219.1
Project("{FAE04EC0-301F-11D3-BF4B-00C04F79EFBC}") = "Papeleria", "Papeleria\Papeleria.csproj", "{29EE97AF-1E47-4A41-9FD5-3329F70555C9}"
EndProject
Global
	GlobalSection(SolutionConfigurationPlatforms) = preSolution
		Debug|Any CPU = Debug|Any CPU
		Release|Any CPU = Release|Any CPU
	EndGlobalSection
	GlobalSection(ProjectConfigurationPlatforms) = postSolution
		{29EE97AF-1E47-4A41-9FD5-3329F70555C9}.Debug|Any CPU.ActiveCfg = Debug|Any CPU
		{29EE97AF-1E47-4A41-9FD5-3329F70555C9}.Debug|Any CPU.Build.0 = Debug|Any CPU
		{29EE97AF-1E47-4A41-9FD5-3329F70555C9}.Release|Any CPU.ActiveCfg = Release|Any CPU
		{29EE97AF-1E47-4A41-9FD5-3329F70555C9}.Release|Any CPU.Build.0 = Release|Any CPU
	EndGlobalSection
	GlobalSection(SolutionProperties) = preSolution
		HideSolutionNode = FALSE
	EndGlobalSection
	GlobalSection(ExtensibilityGlobals) = postSolution
		SolutionGuid = {C0A8FC13-7403-4156-95E0-DD15B37FB56E}
	EndGlobalSection
EndGlobal
